
Microsoft Visual Studio Solution File, Format Version 12.00
# Visual Studio 2013
VisualStudioVersion = 12.0.31101.0
MinimumVisualStudioVersion = 10.0.40219.1
Project("{FAE04EC0-301F-11D3-BF4B-00C04F79EFBC}") = "AnnetKatan", "AnnetKatan\AnnetKatan.csproj", "{FF596E01-86AB-4728-8327-393573E7E184}"
EndProject
Project("{FAE04EC0-301F-11D3-BF4B-00C04F79EFBC}") = "AnnetKatan.Tests", "AnnetKatan.Tests\AnnetKatan.Tests.csproj", "{240035DD-69D6-4D25-9604-FE1E984CFF6E}"
EndProject
Project("{2150E333-8FDC-42A3-9474-1A3956D46DE8}") = ".nuget", ".nuget", "{95FCB86B-F2E9-428B-8271-A1D331AF949C}"
	ProjectSection(SolutionItems) = preProject
		.nuget\packages.config = .nuget\packages.config
	EndProjectSection
EndProject
Global
	GlobalSection(SolutionConfigurationPlatforms) = preSolution
		Debug|Any CPU = Debug|Any CPU
		Release|Any CPU = Release|Any CPU
	EndGlobalSection
	GlobalSection(ProjectConfigurationPlatforms) = postSolution
		{FF596E01-86AB-4728-8327-393573E7E184}.Debug|Any CPU.ActiveCfg = Debug|Any CPU
		{FF596E01-86AB-4728-8327-393573E7E184}.Debug|Any CPU.Build.0 = Debug|Any CPU
		{FF596E01-86AB-4728-8327-393573E7E184}.Release|Any CPU.ActiveCfg = Release|Any CPU
		{FF596E01-86AB-4728-8327-393573E7E184}.Release|Any CPU.Build.0 = Release|Any CPU
		{240035DD-69D6-4D25-9604-FE1E984CFF6E}.Debug|Any CPU.ActiveCfg = Debug|Any CPU
		{240035DD-69D6-4D25-9604-FE1E984CFF6E}.Debug|Any CPU.Build.0 = Debug|Any CPU
		{240035DD-69D6-4D25-9604-FE1E984CFF6E}.Release|Any CPU.ActiveCfg = Release|Any CPU
		{240035DD-69D6-4D25-9604-FE1E984CFF6E}.Release|Any CPU.Build.0 = Release|Any CPU
	EndGlobalSection
	GlobalSection(SolutionProperties) = preSolution
		HideSolutionNode = FALSE
	EndGlobalSection
EndGlobal
